
Microsoft Visual Studio Solution File, Format Version 11.00
# Visual Web Developer Express 2010
Project("{FAE04EC0-301F-11D3-BF4B-00C04F79EFBC}") = "NETAsgn1Program_0324306_Lim_Cheng_Qing", "NETAsgn1Program_0324306_Lim_Cheng_Qing\NETAsgn1Program_0324306_Lim_Cheng_Qing.csproj", "{FAC4021E-DA1C-4C70-905E-9BAE5092A76A}"
EndProject
Global
	GlobalSection(SolutionConfigurationPlatforms) = preSolution
		Debug|Any CPU = Debug|Any CPU
		Release|Any CPU = Release|Any CPU
	EndGlobalSection
	GlobalSection(ProjectConfigurationPlatforms) = postSolution
		{FAC4021E-DA1C-4C70-905E-9BAE5092A76A}.Debug|Any CPU.ActiveCfg = Debug|Any CPU
		{FAC4021E-DA1C-4C70-905E-9BAE5092A76A}.Debug|Any CPU.Build.0 = Debug|Any CPU
		{FAC4021E-DA1C-4C70-905E-9BAE5092A76A}.Release|Any CPU.ActiveCfg = Release|Any CPU
		{FAC4021E-DA1C-4C70-905E-9BAE5092A76A}.Release|Any CPU.Build.0 = Release|Any CPU
	EndGlobalSection
	GlobalSection(SolutionProperties) = preSolution
		HideSolutionNode = FALSE
	EndGlobalSection
EndGlobal
